
Microsoft Visual Studio Solution File, Format Version 12.00
# Visual Studio Version 17
VisualStudioVersion = 17.9.34723.18
MinimumVisualStudioVersion = 10.0.40219.1
Project("{FAE04EC0-301F-11D3-BF4B-00C04F79EFBC}") = "StokTakipOtomasyonu", "StokTakipOtomasyonu\StokTakipOtomasyonu.csproj", "{DA30F8AA-84C7-4495-B578-B5C6B86DCCBF}"
EndProject
Global
	GlobalSection(SolutionConfigurationPlatforms) = preSolution
		Debug|Any CPU = Debug|Any CPU
		Release|Any CPU = Release|Any CPU
	EndGlobalSection
	GlobalSection(ProjectConfigurationPlatforms) = postSolution
		{DA30F8AA-84C7-4495-B578-B5C6B86DCCBF}.Debug|Any CPU.ActiveCfg = Debug|Any CPU
		{DA30F8AA-84C7-4495-B578-B5C6B86DCCBF}.Debug|Any CPU.Build.0 = Debug|Any CPU
		{DA30F8AA-84C7-4495-B578-B5C6B86DCCBF}.Release|Any CPU.ActiveCfg = Release|Any CPU
		{DA30F8AA-84C7-4495-B578-B5C6B86DCCBF}.Release|Any CPU.Build.0 = Release|Any CPU
	EndGlobalSection
	GlobalSection(SolutionProperties) = preSolution
		HideSolutionNode = FALSE
	EndGlobalSection
	GlobalSection(ExtensibilityGlobals) = postSolution
		SolutionGuid = {E08CCE28-2F0E-4952-8D77-F9905940B28B}
	EndGlobalSection
EndGlobal
